
Microsoft Visual Studio Solution File, Format Version 12.00
# Visual Studio Version 17
VisualStudioVersion = 17.10.34928.147
MinimumVisualStudioVersion = 10.0.40219.1
Project("{FAE04EC0-301F-11D3-BF4B-00C04F79EFBC}") = "IdentityWithRazorPages", "IdentityWithRazorPages\IdentityWithRazorPages.csproj", "{0CC2454B-16F7-410D-8E4F-32F751F8BE24}"
EndProject
Global
	GlobalSection(SolutionConfigurationPlatforms) = preSolution
		Debug|Any CPU = Debug|Any CPU
		Release|Any CPU = Release|Any CPU
	EndGlobalSection
	GlobalSection(ProjectConfigurationPlatforms) = postSolution
		{0CC2454B-16F7-410D-8E4F-32F751F8BE24}.Debug|Any CPU.ActiveCfg = Debug|Any CPU
		{0CC2454B-16F7-410D-8E4F-32F751F8BE24}.Debug|Any CPU.Build.0 = Debug|Any CPU
		{0CC2454B-16F7-410D-8E4F-32F751F8BE24}.Release|Any CPU.ActiveCfg = Release|Any CPU
		{0CC2454B-16F7-410D-8E4F-32F751F8BE24}.Release|Any CPU.Build.0 = Release|Any CPU
	EndGlobalSection
	GlobalSection(SolutionProperties) = preSolution
		HideSolutionNode = FALSE
	EndGlobalSection
	GlobalSection(ExtensibilityGlobals) = postSolution
		SolutionGuid = {36256E4F-599F-4682-AC74-C1B861203299}
	EndGlobalSection
EndGlobal
